// !$*UTF8*$!
{
	archiveVersion = 1;
	classes = {
	};
	objectVersion = 50;
	objects = {

/* Begin PBXBuildFile section */
		8264252722E4583700111FB0 /* InfoViewController.swift in Sources */ = {isa = PBXBuildFile; fileRef = 8264252622E4583700111FB0 /* InfoViewController.swift */; };
		82727C0B22E1F13600FA3A8E /* FirstViewController.swift in Sources */ = {isa = PBXBuildFile; fileRef = 82727C0A22E1F13600FA3A8E /* FirstViewController.swift */; };
		828A1AE222EADFB400CD3B11 /* SavedViewController.swift in Sources */ = {isa = PBXBuildFile; fileRef = 828A1AE122EADFB400CD3B11 /* SavedViewController.swift */; };
		828EA2B322D8C59D00C0E907 /* AppDelegate.swift in Sources */ = {isa = PBXBuildFile; fileRef = 828EA2B222D8C59D00C0E907 /* AppDelegate.swift */; };
		828EA2B522D8C59D00C0E907 /* ViewController.swift in Sources */ = {isa = PBXBuildFile; fileRef = 828EA2B422D8C59D00C0E907 /* ViewController.swift */; };
		828EA2B822D8C59D00C0E907 /* Main.storyboard in Resources */ = {isa = PBXBuildFile; fileRef = 828EA2B622D8C59D00C0E907 /* Main.storyboard */; };
		828EA2BA22D8C59F00C0E907 /* Assets.xcassets in Resources */ = {isa = PBXBuildFile; fileRef = 828EA2B922D8C59F00C0E907 /* Assets.xcassets */; };
		828EA2BD22D8C59F00C0E907 /* LaunchScreen.storyboard in Resources */ = {isa = PBXBuildFile; fileRef = 828EA2BB22D8C59F00C0E907 /* LaunchScreen.storyboard */; };
		82A1A6A523A7B799009E3B66 /* ThreePlayerViewController.swift in Sources */ = {isa = PBXBuildFile; fileRef = 82A1A6A423A7B799009E3B66 /* ThreePlayerViewController.swift */; };
		82A1A6A723A7C317009E3B66 /* ColorsViewController.swift in Sources */ = {isa = PBXBuildFile; fileRef = 82A1A6A623A7C316009E3B66 /* ColorsViewController.swift */; };
		82DFE8CC23A4DB44004345DC /* Domino Score.png in Resources */ = {isa = PBXBuildFile; fileRef = 82DFE8CB23A4DB44004345DC /* Domino Score.png */; };
/* End PBXBuildFile section */

/* Begin PBXFileReference section */
		8264252622E4583700111FB0 /* InfoViewController.swift */ = {isa = PBXFileReference; lastKnownFileType = sourcecode.swift; path = InfoViewController.swift; sourceTree = "<group>"; };
		82727C0A22E1F13600FA3A8E /* FirstViewController.swift */ = {isa = PBXFileReference; lastKnownFileType = sourcecode.swift; path = FirstViewController.swift; sourceTree = "<group>"; };
		828A1AE122EADFB400CD3B11 /* SavedViewController.swift */ = {isa = PBXFileReference; lastKnownFileType = sourcecode.swift; path = SavedViewController.swift; sourceTree = "<group>"; };
		828EA2AF22D8C59D00C0E907 /* DominoScore.app */ = {isa = PBXFileReference; explicitFileType = wrapper.application; includeInIndex = 0; path = DominoScore.app; sourceTree = BUILT_PRODUCTS_DIR; };
		828EA2B222D8C59D00C0E907 /* AppDelegate.swift */ = {isa = PBXFileReference; lastKnownFileType = sourcecode.swift; path = AppDelegate.swift; sourceTree = "<group>"; };
		828EA2B422D8C59D00C0E907 /* ViewController.swift */ = {isa = PBXFileReference; lastKnownFileType = sourcecode.swift; path = ViewController.swift; sourceTree = "<group>"; };
		828EA2B722D8C59D00C0E907 /* Base */ = {isa = PBXFileReference; lastKnownFileType = file.storyboard; name = Base; path = Base.lproj/Main.storyboard; sourceTree = "<group>"; };
		828EA2B922D8C59F00C0E907 /* Assets.xcassets */ = {isa = PBXFileReference; lastKnownFileType = folder.assetcatalog; path = Assets.xcassets; sourceTree = "<group>"; };
		828EA2BC22D8C59F00C0E907 /* Base */ = {isa = PBXFileReference; lastKnownFileType = file.storyboard; name = Base; path = Base.lproj/LaunchScreen.storyboard; sourceTree = "<group>"; };
		828EA2BE22D8C59F00C0E907 /* Info.plist */ = {isa = PBXFileReference; lastKnownFileType = text.plist.xml; path = Info.plist; sourceTree = "<group>"; };
		82A1A6A423A7B799009E3B66 /* ThreePlayerViewController.swift */ = {isa = PBXFileReference; lastKnownFileType = sourcecode.swift; path = ThreePlayerViewController.swift; sourceTree = "<group>"; };
		82A1A6A623A7C316009E3B66 /* ColorsViewController.swift */ = {isa = PBXFileReference; lastKnownFileType = sourcecode.swift; path = ColorsViewController.swift; sourceTree = "<group>"; };
		82DFE8CB23A4DB44004345DC /* Domino Score.png */ = {isa = PBXFileReference; lastKnownFileType = image.png; path = "Domino Score.png"; sourceTree = "<group>"; };
/* End PBXFileReference section */

/* Begin PBXFrameworksBuildPhase section */
		828EA2AC22D8C59D00C0E907 /* Frameworks */ = {
			isa = PBXFrameworksBuildPhase;
			buildActionMask = 2147483647;
			files = (
			);
			runOnlyForDeploymentPostprocessing = 0;
		};
/* End PBXFrameworksBuildPhase section */

/* Begin PBXGroup section */
		8264252822E45AE400111FB0 /* Controller */ = {
			isa = PBXGroup;
			children = (
				82727C0A22E1F13600FA3A8E /* FirstViewController.swift */,
				8264252622E4583700111FB0 /* InfoViewController.swift */,
				828A1AE122EADFB400CD3B11 /* SavedViewController.swift */,
				828EA2B422D8C59D00C0E907 /* ViewController.swift */,
				82A1A6A423A7B799009E3B66 /* ThreePlayerViewController.swift */,
				82A1A6A623A7C316009E3B66 /* ColorsViewController.swift */,
			);
			path = Controller;
			sourceTree = "<group>";
		};
		828EA2A622D8C59D00C0E907 = {
			isa = PBXGroup;
			children = (
				828EA2B122D8C59D00C0E907 /* DominoScore */,
				828EA2B022D8C59D00C0E907 /* Products */,
			);
			sourceTree = "<group>";
		};
		828EA2B022D8C59D00C0E907 /* Products */ = {
			isa = PBXGroup;
			children = (
				828EA2AF22D8C59D00C0E907 /* DominoScore.app */,
			);
			name = Products;
			sourceTree = "<group>";
		};
		828EA2B122D8C59D00C0E907 /* DominoScore */ = {
			isa = PBXGroup;
			children = (
				828EA2B222D8C59D00C0E907 /* AppDelegate.swift */,
				828EA2B922D8C59F00C0E907 /* Assets.xcassets */,
				82DFE8CB23A4DB44004345DC /* Domino Score.png */,
				828EA2BB22D8C59F00C0E907 /* LaunchScreen.storyboard */,
				828EA2BE22D8C59F00C0E907 /* Info.plist */,
				828EA2B622D8C59D00C0E907 /* Main.storyboard */,
				8264252822E45AE400111FB0 /* Controller */,
			);
			path = DominoScore;
			sourceTree = "<group>";
		};
/* End PBXGroup section */

/* Begin PBXNativeTarget section */
		828EA2AE22D8C59D00C0E907 /* DominoScore */ = {
			isa = PBXNativeTarget;
			buildConfigurationList = 828EA2C122D8C59F00C0E907 /* Build configuration list for PBXNativeTarget "DominoScore" */;
			buildPhases = (
				828EA2AB22D8C59D00C0E907 /* Sources */,
				828EA2AC22D8C59D00C0E907 /* Frameworks */,
				828EA2AD22D8C59D00C0E907 /* Resources */,
			);
			buildRules = (
			);
			dependencies = (
			);
			name = DominoScore;
			productName = DominoScore;
			productReference = 828EA2AF22D8C59D00C0E907 /* DominoScore.app */;
			productType = "com.apple.product-type.application";
		};
/* End PBXNativeTarget section */

/* Begin PBXProject section */
		828EA2A722D8C59D00C0E907 /* Project object */ = {
			isa = PBXProject;
			attributes = {
				LastSwiftUpdateCheck = 1020;
				LastUpgradeCheck = 1020;
				ORGANIZATIONNAME = "Gevorg Avagyan";
				TargetAttributes = {
					828EA2AE22D8C59D00C0E907 = {
						CreatedOnToolsVersion = 10.2.1;
					};
				};
			};
			buildConfigurationList = 828EA2AA22D8C59D00C0E907 /* Build configuration list for PBXProject "DominoScore" */;
			compatibilityVersion = "Xcode 9.3";
			developmentRegion = en;
			hasScannedForEncodings = 0;
			knownRegions = (
				en,
				Base,
			);
			mainGroup = 828EA2A622D8C59D00C0E907;
			productRefGroup = 828EA2B022D8C59D00C0E907 /* Products */;
			projectDirPath = "";
			projectRoot = "";
			targets = (
				828EA2AE22D8C59D00C0E907 /* DominoScore */,
			);
		};
/* End PBXProject section */

/* Begin PBXResourcesBuildPhase section */
		828EA2AD22D8C59D00C0E907 /* Resources */ = {
			isa = PBXResourcesBuildPhase;
			buildActionMask = 2147483647;
			files = (
				828EA2BD22D8C59F00C0E907 /* LaunchScreen.storyboard in Resources */,
				82DFE8CC23A4DB44004345DC /* Domino Score.png in Resources */,
				828EA2BA22D8C59F00C0E907 /* Assets.xcassets in Resources */,
				828EA2B822D8C59D00C0E907 /* Main.storyboard in Resources */,
			);
			runOnlyForDeploymentPostprocessing = 0;
		};
/* End PBXResourcesBuildPhase section */

/* Begin PBXSourcesBuildPhase section */
		828EA2AB22D8C59D00C0E907 /* Sources */ = {
			isa = PBXSourcesBuildPhase;
			buildActionMask = 2147483647;
			files = (
				82A1A6A723A7C317009E3B66 /* ColorsViewController.swift in Sources */,
				82A1A6A523A7B799009E3B66 /* ThreePlayerViewController.swift in Sources */,
				828A1AE222EADFB400CD3B11 /* SavedViewController.swift in Sources */,
				82727C0B22E1F13600FA3A8E /* FirstViewController.swift in Sources */,
				828EA2B522D8C59D00C0E907 /* ViewController.swift in Sources */,
				8264252722E4583700111FB0 /* InfoViewController.swift in Sources */,
				828EA2B322D8C59D00C0E907 /* AppDelegate.swift in Sources */,
			);
			runOnlyForDeploymentPostprocessing = 0;
		};
/* End PBXSourcesBuildPhase section */

/* Begin PBXVariantGroup section */
		828EA2B622D8C59D00C0E907 /* Main.storyboard */ = {
			isa = PBXVariantGroup;
			children = (
				828EA2B722D8C59D00C0E907 /* Base */,
			);
			name = Main.storyboard;
			sourceTree = "<group>";
		};
		828EA2BB22D8C59F00C0E907 /* LaunchScreen.storyboard */ = {
			isa = PBXVariantGroup;
			children = (
				828EA2BC22D8C59F00C0E907 /* Base */,
			);
			name = LaunchScreen.storyboard;
			sourceTree = "<group>";
		};
/* End PBXVariantGroup section */

/* Begin XCBuildConfiguration section */
		828EA2BF22D8C59F00C0E907 /* Debug */ = {
			isa = XCBuildConfiguration;
			buildSettings = {
				ALWAYS_SEARCH_USER_PATHS = NO;
				CLANG_ANALYZER_NONNULL = YES;
				CLANG_ANALYZER_NUMBER_OBJECT_CONVERSION = YES_AGGRESSIVE;
				CLANG_CXX_LANGUAGE_STANDARD = "gnu++14";
				CLANG_CXX_LIBRARY = "libc++";
				CLANG_ENABLE_MODULES = YES;
				CLANG_ENABLE_OBJC_ARC = YES;
				CLANG_ENABLE_OBJC_WEAK = YES;
				CLANG_WARN_BLOCK_CAPTURE_AUTORELEASING = YES;
				CLANG_WARN_BOOL_CONVERSION = YES;
				CLANG_WARN_COMMA = YES;
				CLANG_WARN_CONSTANT_CONVERSION = YES;
				CLANG_WARN_DEPRECATED_OBJC_IMPLEMENTATIONS = YES;
				CLANG_WARN_DIRECT_OBJC_ISA_USAGE = YES_ERROR;
				CLANG_WARN_DOCUMENTATION_COMMENTS = YES;
				CLANG_WARN_EMPTY_BODY = YES;
				CLANG_WARN_ENUM_CONVERSION = YES;
				CLANG_WARN_INFINITE_RECURSION = YES;
				CLANG_WARN_INT_CONVERSION = YES;
				CLANG_WARN_NON_LITERAL_NULL_CONVERSION = YES;
				CLANG_WARN_OBJC_IMPLICIT_RETAIN_SELF = YES;
				CLANG_WARN_OBJC_LITERAL_CONVERSION = YES;
				CLANG_WARN_OBJC_ROOT_CLASS = YES_ERROR;
				CLANG_WARN_RANGE_LOOP_ANALYSIS = YES;
				CLANG_WARN_STRICT_PROTOTYPES = YES;
				CLANG_WARN_SUSPICIOUS_MOVE = YES;
				CLANG_WARN_UNGUARDED_AVAILABILITY = YES_AGGRESSIVE;
				CLANG_WARN_UNREACHABLE_CODE = YES;
				CLANG_WARN__DUPLICATE_METHOD_MATCH = YES;
				CODE_SIGN_IDENTITY = "iPhone Developer";
				COPY_PHASE_STRIP = NO;
				DEBUG_INFORMATION_FORMAT = dwarf;
				ENABLE_STRICT_OBJC_MSGSEND = YES;
				ENABLE_TESTABILITY = YES;
				GCC_C_LANGUAGE_STANDARD = gnu11;
				GCC_DYNAMIC_NO_PIC = NO;
				GCC_NO_COMMON_BLOCKS = YES;
				GCC_OPTIMIZATION_LEVEL = 0;
				GCC_PREPROCESSOR_DEFINITIONS = (
					"DEBUG=1",
					"$(inherited)",
				);
				GCC_WARN_64_TO_32_BIT_CONVERSION = YES;
				GCC_WARN_ABOUT_RETURN_TYPE = YES_ERROR;
				GCC_WARN_UNDECLARED_SELECTOR = YES;
				GCC_WARN_UNINITIALIZED_AUTOS = YES_AGGRESSIVE;
				GCC_WARN_UNUSED_FUNCTION = YES;
				GCC_WARN_UNUSED_VARIABLE = YES;
				IPHONEOS_DEPLOYMENT_TARGET = 12.2;
				MTL_ENABLE_DEBUG_INFO = INCLUDE_SOURCE;
				MTL_FAST_MATH = YES;
				ONLY_ACTIVE_ARCH = YES;
				SDKROOT = iphoneos;
				SWIFT_ACTIVE_COMPILATION_CONDITIONS = DEBUG;
				SWIFT_OPTIMIZATION_LEVEL = "-Onone";
			};
			name = Debug;
		};
		828EA2C022D8C59F00C0E907 /* Release */ = {
			isa = XCBuildConfiguration;
			buildSettings = {
				ALWAYS_SEARCH_USER_PATHS = NO;
				CLANG_ANALYZER_NONNULL = YES;
				CLANG_ANALYZER_NUMBER_OBJECT_CONVERSION = YES_AGGRESSIVE;
				CLANG_CXX_LANGUAGE_STANDARD = "gnu++14";
				CLANG_CXX_LIBRARY = "libc++";
				CLANG_ENABLE_MODULES = YES;
				CLANG_ENABLE_OBJC_ARC = YES;
				CLANG_ENABLE_OBJC_WEAK = YES;
				CLANG_WARN_BLOCK_CAPTURE_AUTORELEASING = YES;
				CLANG_WARN_BOOL_CONVERSION = YES;
				CLANG_WARN_COMMA = YES;
				CLANG_WARN_CONSTANT_CONVERSION = YES;
				CLANG_WARN_DEPRECATED_OBJC_IMPLEMENTATIONS = YES;
				CLANG_WARN_DIRECT_OBJC_ISA_USAGE = YES_ERROR;
				CLANG_WARN_DOCUMENTATION_COMMENTS = YES;
				CLANG_WARN_EMPTY_BODY = YES;
				CLANG_WARN_ENUM_CONVERSION = YES;
				CLANG_WARN_INFINITE_RECURSION = YES;
				CLANG_WARN_INT_CONVERSION = YES;
				CLANG_WARN_NON_LITERAL_NULL_CONVERSION = YES;
				CLANG_WARN_OBJC_IMPLICIT_RETAIN_SELF = YES;
				CLANG_WARN_OBJC_LITERAL_CONVERSION = YES;
				CLANG_WARN_OBJC_ROOT_CLASS = YES_ERROR;
				CLANG_WARN_RANGE_LOOP_ANALYSIS = YES;
				CLANG_WARN_STRICT_PROTOTYPES = YES;
				CLANG_WARN_SUSPICIOUS_MOVE = YES;
				CLANG_WARN_UNGUARDED_AVAILABILITY = YES_AGGRESSIVE;
				CLANG_WARN_UNREACHABLE_CODE = YES;
				CLANG_WARN__DUPLICATE_METHOD_MATCH = YES;
				CODE_SIGN_IDENTITY = "iPhone Developer";
				COPY_PHASE_STRIP = NO;
				DEBUG_INFORMATION_FORMAT = "dwarf-with-dsym";
				ENABLE_NS_ASSERTIONS = NO;
				ENABLE_STRICT_OBJC_MSGSEND = YES;
				GCC_C_LANGUAGE_STANDARD = gnu11;
				GCC_NO_COMMON_BLOCKS = YES;
				GCC_WARN_64_TO_32_BIT_CONVERSION = YES;
				GCC_WARN_ABOUT_RETURN_TYPE = YES_ERROR;
				GCC_WARN_UNDECLARED_SELECTOR = YES;
				GCC_WARN_UNINITIALIZED_AUTOS = YES_AGGRESSIVE;
				GCC_WARN_UNUSED_FUNCTION = YES;
				GCC_WARN_UNUSED_VARIABLE = YES;
				IPHONEOS_DEPLOYMENT_TARGET = 12.2;
				MTL_ENABLE_DEBUG_INFO = NO;
				MTL_FAST_MATH = YES;
				SDKROOT = iphoneos;
				SWIFT_COMPILATION_MODE = wholemodule;
				SWIFT_OPTIMIZATION_LEVEL = "-O";
				VALIDATE_PRODUCT = YES;
			};
			name = Release;
		};
		828EA2C222D8C59F00C0E907 /* Debug */ = {
			isa = XCBuildConfiguration;
			buildSettings = {
				ASSETCATALOG_COMPILER_APPICON_NAME = AppIcon;
				CODE_SIGN_STYLE = Automatic;
				DEVELOPMENT_TEAM = 7D6V9LW5LN;
				INFOPLIST_FILE = DominoScore/Info.plist;
				IPHONEOS_DEPLOYMENT_TARGET = 9.0;
				LD_RUNPATH_SEARCH_PATHS = (
					"$(inherited)",
					"@executable_path/Frameworks",
				);
				PRODUCT_BUNDLE_IDENTIFIER = com.massive.dominoscore.app;
				PRODUCT_NAME = "$(TARGET_NAME)";
				SWIFT_VERSION = 5.0;
				TARGETED_DEVICE_FAMILY = 1;
			};
			name = Debug;
		};
		828EA2C322D8C59F00C0E907 /* Release */ = {
			isa = XCBuildConfiguration;
			buildSettings = {
				ASSETCATALOG_COMPILER_APPICON_NAME = AppIcon;
				CODE_SIGN_STYLE = Automatic;
				DEVELOPMENT_TEAM = 7D6V9LW5LN;
				INFOPLIST_FILE = DominoScore/Info.plist;
				IPHONEOS_DEPLOYMENT_TARGET = 9.0;
				LD_RUNPATH_SEARCH_PATHS = (
					"$(inherited)",
					"@executable_path/Frameworks",
				);
				PRODUCT_BUNDLE_IDENTIFIER = com.massive.dominoscore.app;
				PRODUCT_NAME = "$(TARGET_NAME)";
				SWIFT_VERSION = 5.0;
				TARGETED_DEVICE_FAMILY = 1;
			};
			name = Release;
		};
/* End XCBuildConfiguration section */

/* Begin XCConfigurationList section */
		828EA2AA22D8C59D00C0E907 /* Build configuration list for PBXProject "DominoScore" */ = {
			isa = XCConfigurationList;
			buildConfigurations = (
				828EA2BF22D8C59F00C0E907 /* Debug */,
				828EA2C022D8C59F00C0E907 /* Release */,
			);
			defaultConfigurationIsVisible = 0;
			defaultConfigurationName = Release;
		};
		828EA2C122D8C59F00C0E907 /* Build configuration list for PBXNativeTarget "DominoScore" */ = {
			isa = XCConfigurationList;
			buildConfigurations = (
				828EA2C222D8C59F00C0E907 /* Debug */,
				828EA2C322D8C59F00C0E907 /* Release */,
			);
			defaultConfigurationIsVisible = 0;
			defaultConfigurationName = Release;
		};
/* End XCConfigurationList section */
	};
	rootObject = 828EA2A722D8C59D00C0E907 /* Project object */;
}
